
Microsoft Visual Studio Solution File, Format Version 12.00
# Visual Studio Version 17
VisualStudioVersion = 17.4.33103.184
MinimumVisualStudioVersion = 10.0.40219.1
Project("{FAE04EC0-301F-11D3-BF4B-00C04F79EFBC}") = "AbstractFactory", "AbstractFactory\AbstractFactory.csproj", "{0E94CC38-F2DD-4522-90FE-CF0BE20842C1}"
EndProject
Global
	GlobalSection(SolutionConfigurationPlatforms) = preSolution
		Debug|Any CPU = Debug|Any CPU
		Release|Any CPU = Release|Any CPU
	EndGlobalSection
	GlobalSection(ProjectConfigurationPlatforms) = postSolution
		{0E94CC38-F2DD-4522-90FE-CF0BE20842C1}.Debug|Any CPU.ActiveCfg = Debug|Any CPU
		{0E94CC38-F2DD-4522-90FE-CF0BE20842C1}.Debug|Any CPU.Build.0 = Debug|Any CPU
		{0E94CC38-F2DD-4522-90FE-CF0BE20842C1}.Release|Any CPU.ActiveCfg = Release|Any CPU
		{0E94CC38-F2DD-4522-90FE-CF0BE20842C1}.Release|Any CPU.Build.0 = Release|Any CPU
	EndGlobalSection
	GlobalSection(SolutionProperties) = preSolution
		HideSolutionNode = FALSE
	EndGlobalSection
	GlobalSection(ExtensibilityGlobals) = postSolution
		SolutionGuid = {86F28A80-FA06-411E-9BE8-FD8279A15C9F}
	EndGlobalSection
EndGlobal
